{
  "object": {
    "pins": [
      {
        "package": "PingOneSDK",
        "repositoryURL": "git@gitlab.corp.pingidentity.com:github-clones/pingone-customers-mobile-sdk-ios.git",
        "state": {
          "branch": "1.8.1",
          "revision": "ce3708e122644414a8896a06d37f37df936d3ccf",
          "version": null
        }
      }
    ]
  },
  "version": 1
}
